
Microsoft Visual Studio Solution File, Format Version 12.00
# Visual Studio Version 17
VisualStudioVersion = 17.0.32002.185
MinimumVisualStudioVersion = 10.0.40219.1
Project("{FAE04EC0-301F-11D3-BF4B-00C04F79EFBC}") = "FootballLeagues", "FootballLeagues.csproj", "{343F5A19-F9A2-4C30-9692-DA919DE78169}"
EndProject
Global
	GlobalSection(SolutionConfigurationPlatforms) = preSolution
		Debug|Any CPU = Debug|Any CPU
		Release|Any CPU = Release|Any CPU
	EndGlobalSection
	GlobalSection(ProjectConfigurationPlatforms) = postSolution
		{343F5A19-F9A2-4C30-9692-DA919DE78169}.Debug|Any CPU.ActiveCfg = Debug|Any CPU
		{343F5A19-F9A2-4C30-9692-DA919DE78169}.Debug|Any CPU.Build.0 = Debug|Any CPU
		{343F5A19-F9A2-4C30-9692-DA919DE78169}.Release|Any CPU.ActiveCfg = Release|Any CPU
		{343F5A19-F9A2-4C30-9692-DA919DE78169}.Release|Any CPU.Build.0 = Release|Any CPU
	EndGlobalSection
	GlobalSection(SolutionProperties) = preSolution
		HideSolutionNode = FALSE
	EndGlobalSection
	GlobalSection(ExtensibilityGlobals) = postSolution
		SolutionGuid = {CB332FAB-2067-4A1D-A31A-56EEBF1F8A2C}
	EndGlobalSection
EndGlobal
